
Microsoft Visual Studio Solution File, Format Version 12.00
# Visual Studio Version 16
VisualStudioVersion = 16.0.31424.327
MinimumVisualStudioVersion = 10.0.40219.1
Project("{FAE04EC0-301F-11D3-BF4B-00C04F79EFBC}") = "CinemaAPI", "CinemaAPI.csproj", "{C0F33FCD-B789-4B3F-9CD9-DC16FD3B70D1}"
EndProject
Global
	GlobalSection(SolutionConfigurationPlatforms) = preSolution
		Debug|Any CPU = Debug|Any CPU
		Release|Any CPU = Release|Any CPU
	EndGlobalSection
	GlobalSection(ProjectConfigurationPlatforms) = postSolution
		{C0F33FCD-B789-4B3F-9CD9-DC16FD3B70D1}.Debug|Any CPU.ActiveCfg = Debug|Any CPU
		{C0F33FCD-B789-4B3F-9CD9-DC16FD3B70D1}.Debug|Any CPU.Build.0 = Debug|Any CPU
		{C0F33FCD-B789-4B3F-9CD9-DC16FD3B70D1}.Release|Any CPU.ActiveCfg = Release|Any CPU
		{C0F33FCD-B789-4B3F-9CD9-DC16FD3B70D1}.Release|Any CPU.Build.0 = Release|Any CPU
	EndGlobalSection
	GlobalSection(SolutionProperties) = preSolution
		HideSolutionNode = FALSE
	EndGlobalSection
	GlobalSection(ExtensibilityGlobals) = postSolution
		SolutionGuid = {C8C3C42E-7B54-40B7-B6CC-38231A073126}
	EndGlobalSection
EndGlobal
